
Microsoft Visual Studio Solution File, Format Version 12.00
# Visual Studio 2012
Project("{FAE04EC0-301F-11D3-BF4B-00C04F79EFBC}") = "02.SimpleOperationsPerformance", "02.SimpleOperationsPerformance\02.SimpleOperationsPerformance.csproj", "{915FCC1B-DD66-4694-9D05-C6EC821607DF}"
EndProject
Project("{FAE04EC0-301F-11D3-BF4B-00C04F79EFBC}") = "03.AdvancedOperationsPerformance", "03.AdvancedOperationsPerformance\03.AdvancedOperationsPerformance.csproj", "{96792987-1349-409E-8AF1-106AFB21D089}"
EndProject
Project("{FAE04EC0-301F-11D3-BF4B-00C04F79EFBC}") = "04.SortingMethodsPerformance", "04.SortingMethodsPerformance\04.SortingMethodsPerformance.csproj", "{5FE68523-7DED-414D-BEFC-59B9787DE22B}"
EndProject
Project("{FAE04EC0-301F-11D3-BF4B-00C04F79EFBC}") = "01.SolarSystem", "01.SolarSystem\01.SolarSystem.csproj", "{2F30E9AF-8256-40AF-B356-EA14E55CE9D7}"
EndProject
Global
	GlobalSection(SolutionConfigurationPlatforms) = preSolution
		Debug|Any CPU = Debug|Any CPU
		Release|Any CPU = Release|Any CPU
	EndGlobalSection
	GlobalSection(ProjectConfigurationPlatforms) = postSolution
		{915FCC1B-DD66-4694-9D05-C6EC821607DF}.Debug|Any CPU.ActiveCfg = Debug|Any CPU
		{915FCC1B-DD66-4694-9D05-C6EC821607DF}.Debug|Any CPU.Build.0 = Debug|Any CPU
		{915FCC1B-DD66-4694-9D05-C6EC821607DF}.Release|Any CPU.ActiveCfg = Release|Any CPU
		{915FCC1B-DD66-4694-9D05-C6EC821607DF}.Release|Any CPU.Build.0 = Release|Any CPU
		{96792987-1349-409E-8AF1-106AFB21D089}.Debug|Any CPU.ActiveCfg = Debug|Any CPU
		{96792987-1349-409E-8AF1-106AFB21D089}.Debug|Any CPU.Build.0 = Debug|Any CPU
		{96792987-1349-409E-8AF1-106AFB21D089}.Release|Any CPU.ActiveCfg = Release|Any CPU
		{96792987-1349-409E-8AF1-106AFB21D089}.Release|Any CPU.Build.0 = Release|Any CPU
		{5FE68523-7DED-414D-BEFC-59B9787DE22B}.Debug|Any CPU.ActiveCfg = Debug|Any CPU
		{5FE68523-7DED-414D-BEFC-59B9787DE22B}.Debug|Any CPU.Build.0 = Debug|Any CPU
		{5FE68523-7DED-414D-BEFC-59B9787DE22B}.Release|Any CPU.ActiveCfg = Release|Any CPU
		{5FE68523-7DED-414D-BEFC-59B9787DE22B}.Release|Any CPU.Build.0 = Release|Any CPU
		{2F30E9AF-8256-40AF-B356-EA14E55CE9D7}.Debug|Any CPU.ActiveCfg = Debug|Any CPU
		{2F30E9AF-8256-40AF-B356-EA14E55CE9D7}.Debug|Any CPU.Build.0 = Debug|Any CPU
		{2F30E9AF-8256-40AF-B356-EA14E55CE9D7}.Release|Any CPU.ActiveCfg = Release|Any CPU
		{2F30E9AF-8256-40AF-B356-EA14E55CE9D7}.Release|Any CPU.Build.0 = Release|Any CPU
	EndGlobalSection
	GlobalSection(SolutionProperties) = preSolution
		HideSolutionNode = FALSE
	EndGlobalSection
EndGlobal
