
Microsoft Visual Studio Solution File, Format Version 12.00
# Visual Studio 2012
Project("{FAE04EC0-301F-11D3-BF4B-00C04F79EFBC}") = "School", "School\School.csproj", "{4602666D-6B34-4C3E-A6E0-DB8E7B25444D}"
EndProject
Project("{FAE04EC0-301F-11D3-BF4B-00C04F79EFBC}") = "TestSchool", "TestSchool\TestSchool.csproj", "{4E9D74EA-AC39-4705-9DE8-AD3A0F83B4EF}"
EndProject
Global
	GlobalSection(SolutionConfigurationPlatforms) = preSolution
		Debug|Any CPU = Debug|Any CPU
		Release|Any CPU = Release|Any CPU
	EndGlobalSection
	GlobalSection(ProjectConfigurationPlatforms) = postSolution
		{4602666D-6B34-4C3E-A6E0-DB8E7B25444D}.Debug|Any CPU.ActiveCfg = Debug|Any CPU
		{4602666D-6B34-4C3E-A6E0-DB8E7B25444D}.Debug|Any CPU.Build.0 = Debug|Any CPU
		{4602666D-6B34-4C3E-A6E0-DB8E7B25444D}.Release|Any CPU.ActiveCfg = Release|Any CPU
		{4602666D-6B34-4C3E-A6E0-DB8E7B25444D}.Release|Any CPU.Build.0 = Release|Any CPU
		{4E9D74EA-AC39-4705-9DE8-AD3A0F83B4EF}.Debug|Any CPU.ActiveCfg = Debug|Any CPU
		{4E9D74EA-AC39-4705-9DE8-AD3A0F83B4EF}.Debug|Any CPU.Build.0 = Debug|Any CPU
		{4E9D74EA-AC39-4705-9DE8-AD3A0F83B4EF}.Release|Any CPU.ActiveCfg = Release|Any CPU
		{4E9D74EA-AC39-4705-9DE8-AD3A0F83B4EF}.Release|Any CPU.Build.0 = Release|Any CPU
	EndGlobalSection
	GlobalSection(SolutionProperties) = preSolution
		HideSolutionNode = FALSE
	EndGlobalSection
EndGlobal
