
Microsoft Visual Studio Solution File, Format Version 12.00
# Visual Studio 2012
Project("{FAE04EC0-301F-11D3-BF4B-00C04F79EFBC}") = "01.RefactorClass", "01.RefactorClass\01.RefactorClass.csproj", "{C8C9F025-CEA8-4ABA-9A5F-75B1044FD7AC}"
EndProject
Project("{FAE04EC0-301F-11D3-BF4B-00C04F79EFBC}") = "02.IfStatements", "02.IfStatements\02.IfStatements.csproj", "{0A0F2ADD-5DFE-46F9-A6D6-983EF1FC1953}"
EndProject
Project("{FAE04EC0-301F-11D3-BF4B-00C04F79EFBC}") = "03.Loop", "03.Loop\03.Loop.csproj", "{D443A73B-49C3-439A-897F-7B306766A177}"
EndProject
Global
	GlobalSection(SolutionConfigurationPlatforms) = preSolution
		Debug|Any CPU = Debug|Any CPU
		Release|Any CPU = Release|Any CPU
	EndGlobalSection
	GlobalSection(ProjectConfigurationPlatforms) = postSolution
		{C8C9F025-CEA8-4ABA-9A5F-75B1044FD7AC}.Debug|Any CPU.ActiveCfg = Debug|Any CPU
		{C8C9F025-CEA8-4ABA-9A5F-75B1044FD7AC}.Debug|Any CPU.Build.0 = Debug|Any CPU
		{C8C9F025-CEA8-4ABA-9A5F-75B1044FD7AC}.Release|Any CPU.ActiveCfg = Release|Any CPU
		{C8C9F025-CEA8-4ABA-9A5F-75B1044FD7AC}.Release|Any CPU.Build.0 = Release|Any CPU
		{0A0F2ADD-5DFE-46F9-A6D6-983EF1FC1953}.Debug|Any CPU.ActiveCfg = Debug|Any CPU
		{0A0F2ADD-5DFE-46F9-A6D6-983EF1FC1953}.Debug|Any CPU.Build.0 = Debug|Any CPU
		{0A0F2ADD-5DFE-46F9-A6D6-983EF1FC1953}.Release|Any CPU.ActiveCfg = Release|Any CPU
		{0A0F2ADD-5DFE-46F9-A6D6-983EF1FC1953}.Release|Any CPU.Build.0 = Release|Any CPU
		{D443A73B-49C3-439A-897F-7B306766A177}.Debug|Any CPU.ActiveCfg = Debug|Any CPU
		{D443A73B-49C3-439A-897F-7B306766A177}.Debug|Any CPU.Build.0 = Debug|Any CPU
		{D443A73B-49C3-439A-897F-7B306766A177}.Release|Any CPU.ActiveCfg = Release|Any CPU
		{D443A73B-49C3-439A-897F-7B306766A177}.Release|Any CPU.Build.0 = Release|Any CPU
	EndGlobalSection
	GlobalSection(SolutionProperties) = preSolution
		HideSolutionNode = FALSE
	EndGlobalSection
EndGlobal
