
Microsoft Visual Studio Solution File, Format Version 12.00
# Visual Studio 2012
Project("{FAE04EC0-301F-11D3-BF4B-00C04F79EFBC}") = "Calculate", "Calculate\Calculate.csproj", "{BF37F5FD-14D3-45F7-9796-A9122982494A}"
EndProject
Global
	GlobalSection(SolutionConfigurationPlatforms) = preSolution
		Debug|Any CPU = Debug|Any CPU
		Release|Any CPU = Release|Any CPU
	EndGlobalSection
	GlobalSection(ProjectConfigurationPlatforms) = postSolution
		{BF37F5FD-14D3-45F7-9796-A9122982494A}.Debug|Any CPU.ActiveCfg = Debug|Any CPU
		{BF37F5FD-14D3-45F7-9796-A9122982494A}.Debug|Any CPU.Build.0 = Debug|Any CPU
		{BF37F5FD-14D3-45F7-9796-A9122982494A}.Release|Any CPU.ActiveCfg = Release|Any CPU
		{BF37F5FD-14D3-45F7-9796-A9122982494A}.Release|Any CPU.Build.0 = Release|Any CPU
	EndGlobalSection
	GlobalSection(SolutionProperties) = preSolution
		HideSolutionNode = FALSE
	EndGlobalSection
EndGlobal
