
Microsoft Visual Studio Solution File, Format Version 12.00
# Visual Studio 2012
Project("{FAE04EC0-301F-11D3-BF4B-00C04F79EFBC}") = "01.RefactorTask1", "01.RefactorTask1\01.RefactorTask1.csproj", "{DC939479-10E1-4563-8307-44837B40CEDC}"
EndProject
Project("{FAE04EC0-301F-11D3-BF4B-00C04F79EFBC}") = "02.RefactorTast2", "02.RefactorTast2\02.RefactorTast2.csproj", "{CF35DE05-46A8-4EF5-816E-693A08CA3881}"
EndProject
Global
	GlobalSection(SolutionConfigurationPlatforms) = preSolution
		Debug|Any CPU = Debug|Any CPU
		Release|Any CPU = Release|Any CPU
	EndGlobalSection
	GlobalSection(ProjectConfigurationPlatforms) = postSolution
		{DC939479-10E1-4563-8307-44837B40CEDC}.Debug|Any CPU.ActiveCfg = Debug|Any CPU
		{DC939479-10E1-4563-8307-44837B40CEDC}.Debug|Any CPU.Build.0 = Debug|Any CPU
		{DC939479-10E1-4563-8307-44837B40CEDC}.Release|Any CPU.ActiveCfg = Release|Any CPU
		{DC939479-10E1-4563-8307-44837B40CEDC}.Release|Any CPU.Build.0 = Release|Any CPU
		{CF35DE05-46A8-4EF5-816E-693A08CA3881}.Debug|Any CPU.ActiveCfg = Debug|Any CPU
		{CF35DE05-46A8-4EF5-816E-693A08CA3881}.Debug|Any CPU.Build.0 = Debug|Any CPU
		{CF35DE05-46A8-4EF5-816E-693A08CA3881}.Release|Any CPU.ActiveCfg = Release|Any CPU
		{CF35DE05-46A8-4EF5-816E-693A08CA3881}.Release|Any CPU.Build.0 = Release|Any CPU
	EndGlobalSection
	GlobalSection(SolutionProperties) = preSolution
		HideSolutionNode = FALSE
	EndGlobalSection
EndGlobal
