
Microsoft Visual Studio Solution File, Format Version 12.00
# Visual Studio 2012
Project("{FAE04EC0-301F-11D3-BF4B-00C04F79EFBC}") = "Mammals", "Mammals\Mammals.csproj", "{915DF024-BADD-4579-ACAF-56E6262097A6}"
EndProject
Project("{FAE04EC0-301F-11D3-BF4B-00C04F79EFBC}") = "TryToKillACat", "TryToKillACat\TryToKillACat.csproj", "{066E5013-557C-4C16-8F2C-90C49F7443A2}"
EndProject
Global
	GlobalSection(SolutionConfigurationPlatforms) = preSolution
		Debug|Any CPU = Debug|Any CPU
		Release|Any CPU = Release|Any CPU
	EndGlobalSection
	GlobalSection(ProjectConfigurationPlatforms) = postSolution
		{915DF024-BADD-4579-ACAF-56E6262097A6}.Debug|Any CPU.ActiveCfg = Debug|Any CPU
		{915DF024-BADD-4579-ACAF-56E6262097A6}.Debug|Any CPU.Build.0 = Debug|Any CPU
		{915DF024-BADD-4579-ACAF-56E6262097A6}.Release|Any CPU.ActiveCfg = Release|Any CPU
		{915DF024-BADD-4579-ACAF-56E6262097A6}.Release|Any CPU.Build.0 = Release|Any CPU
		{066E5013-557C-4C16-8F2C-90C49F7443A2}.Debug|Any CPU.ActiveCfg = Debug|Any CPU
		{066E5013-557C-4C16-8F2C-90C49F7443A2}.Debug|Any CPU.Build.0 = Debug|Any CPU
		{066E5013-557C-4C16-8F2C-90C49F7443A2}.Release|Any CPU.ActiveCfg = Release|Any CPU
		{066E5013-557C-4C16-8F2C-90C49F7443A2}.Release|Any CPU.Build.0 = Release|Any CPU
	EndGlobalSection
	GlobalSection(SolutionProperties) = preSolution
		HideSolutionNode = FALSE
	EndGlobalSection
EndGlobal
